
Microsoft Visual Studio Solution File, Format Version 12.00
# Visual Studio Version 17
VisualStudioVersion = 17.14.36603.0 d17.14
MinimumVisualStudioVersion = 10.0.40219.1
Project("{FAE04EC0-301F-11D3-BF4B-00C04F79EFBC}") = "SuperSudokuSolver", "SuperSudokuSolver.csproj", "{DA74F7D4-B49C-4F16-9FC3-47DD1814271C}"
EndProject
Global
	GlobalSection(SolutionConfigurationPlatforms) = preSolution
		Debug|Any CPU = Debug|Any CPU
		Release|Any CPU = Release|Any CPU
	EndGlobalSection
	GlobalSection(ProjectConfigurationPlatforms) = postSolution
		{DA74F7D4-B49C-4F16-9FC3-47DD1814271C}.Debug|Any CPU.ActiveCfg = Debug|Any CPU
		{DA74F7D4-B49C-4F16-9FC3-47DD1814271C}.Debug|Any CPU.Build.0 = Debug|Any CPU
		{DA74F7D4-B49C-4F16-9FC3-47DD1814271C}.Release|Any CPU.ActiveCfg = Release|Any CPU
		{DA74F7D4-B49C-4F16-9FC3-47DD1814271C}.Release|Any CPU.Build.0 = Release|Any CPU
	EndGlobalSection
	GlobalSection(SolutionProperties) = preSolution
		HideSolutionNode = FALSE
	EndGlobalSection
	GlobalSection(ExtensibilityGlobals) = postSolution
		SolutionGuid = {8FB06856-B1D1-48B9-B767-765445A45D1A}
	EndGlobalSection
EndGlobal
